
Microsoft Visual Studio Solution File, Format Version 12.00
# Visual Studio Version 17
VisualStudioVersion = 17.9.34616.47
MinimumVisualStudioVersion = 10.0.40219.1
Project("{8BC9CEB8-8B4A-11D0-8D11-00A0C91BC942}") = "inisialisasi", "inisialisasi\inisialisasi.vcxproj", "{ABED25E1-443E-4ED1-BEF8-C6AC9AE6413B}"
EndProject
Project("{8BC9CEB8-8B4A-11D0-8D11-00A0C91BC942}") = "Composisi", "Composisi\Composisi.vcxproj", "{1F1A46E5-6FD3-4C85-BB62-29918E6166A7}"
EndProject
Global
	GlobalSection(SolutionConfigurationPlatforms) = preSolution
		Debug|x64 = Debug|x64
		Debug|x86 = Debug|x86
		Release|x64 = Release|x64
		Release|x86 = Release|x86
	EndGlobalSection
	GlobalSection(ProjectConfigurationPlatforms) = postSolution
		{ABED25E1-443E-4ED1-BEF8-C6AC9AE6413B}.Debug|x64.ActiveCfg = Debug|x64
		{ABED25E1-443E-4ED1-BEF8-C6AC9AE6413B}.Debug|x64.Build.0 = Debug|x64
		{ABED25E1-443E-4ED1-BEF8-C6AC9AE6413B}.Debug|x86.ActiveCfg = Debug|Win32
		{ABED25E1-443E-4ED1-BEF8-C6AC9AE6413B}.Debug|x86.Build.0 = Debug|Win32
		{ABED25E1-443E-4ED1-BEF8-C6AC9AE6413B}.Release|x64.ActiveCfg = Release|x64
		{ABED25E1-443E-4ED1-BEF8-C6AC9AE6413B}.Release|x64.Build.0 = Release|x64
		{ABED25E1-443E-4ED1-BEF8-C6AC9AE6413B}.Release|x86.ActiveCfg = Release|Win32
		{ABED25E1-443E-4ED1-BEF8-C6AC9AE6413B}.Release|x86.Build.0 = Release|Win32
		{1F1A46E5-6FD3-4C85-BB62-29918E6166A7}.Debug|x64.ActiveCfg = Debug|x64
		{1F1A46E5-6FD3-4C85-BB62-29918E6166A7}.Debug|x64.Build.0 = Debug|x64
		{1F1A46E5-6FD3-4C85-BB62-29918E6166A7}.Debug|x86.ActiveCfg = Debug|Win32
		{1F1A46E5-6FD3-4C85-BB62-29918E6166A7}.Debug|x86.Build.0 = Debug|Win32
		{1F1A46E5-6FD3-4C85-BB62-29918E6166A7}.Release|x64.ActiveCfg = Release|x64
		{1F1A46E5-6FD3-4C85-BB62-29918E6166A7}.Release|x64.Build.0 = Release|x64
		{1F1A46E5-6FD3-4C85-BB62-29918E6166A7}.Release|x86.ActiveCfg = Release|Win32
		{1F1A46E5-6FD3-4C85-BB62-29918E6166A7}.Release|x86.Build.0 = Release|Win32
	EndGlobalSection
	GlobalSection(SolutionProperties) = preSolution
		HideSolutionNode = FALSE
	EndGlobalSection
	GlobalSection(ExtensibilityGlobals) = postSolution
		SolutionGuid = {FD4E422E-1462-4689-A2A6-8B43991F03B8}
	EndGlobalSection
EndGlobal
